
Microsoft Visual Studio Solution File, Format Version 12.00
# Visual Studio Version 17
VisualStudioVersion = 17.2.32630.192
MinimumVisualStudioVersion = 10.0.40219.1
Project("{9A19103F-16F7-4668-BE54-9A1E7A4F7556}") = "KuranX.App", "KuranX.App\KuranX.App.csproj", "{F51CBF0E-376E-4088-B852-1363C6B29371}"
EndProject
Project("{9A19103F-16F7-4668-BE54-9A1E7A4F7556}") = "KuranBackup", "KuranBackup\KuranBackup.csproj", "{F7C30D5E-7586-44E5-B615-7AAC2B69D1E8}"
EndProject
Project("{9A19103F-16F7-4668-BE54-9A1E7A4F7556}") = "KuranDb", "KuranDb\KuranDb.csproj", "{ADA51B86-6FDB-4AF9-B6C4-36D536D746C5}"
EndProject
Global
	GlobalSection(SolutionConfigurationPlatforms) = preSolution
		Backup|Any CPU = Backup|Any CPU
		Backup|x86 = Backup|x86
		Debug|Any CPU = Debug|Any CPU
		Debug|x86 = Debug|x86
		Release|Any CPU = Release|Any CPU
		Release|x86 = Release|x86
	EndGlobalSection
	GlobalSection(ProjectConfigurationPlatforms) = postSolution
		{F51CBF0E-376E-4088-B852-1363C6B29371}.Backup|Any CPU.ActiveCfg = Release|Any CPU
		{F51CBF0E-376E-4088-B852-1363C6B29371}.Backup|Any CPU.Build.0 = Release|Any CPU
		{F51CBF0E-376E-4088-B852-1363C6B29371}.Backup|x86.ActiveCfg = Backup|x86
		{F51CBF0E-376E-4088-B852-1363C6B29371}.Backup|x86.Build.0 = Backup|x86
		{F51CBF0E-376E-4088-B852-1363C6B29371}.Debug|Any CPU.ActiveCfg = Debug|Any CPU
		{F51CBF0E-376E-4088-B852-1363C6B29371}.Debug|Any CPU.Build.0 = Debug|Any CPU
		{F51CBF0E-376E-4088-B852-1363C6B29371}.Debug|x86.ActiveCfg = Debug|x86
		{F51CBF0E-376E-4088-B852-1363C6B29371}.Debug|x86.Build.0 = Debug|x86
		{F51CBF0E-376E-4088-B852-1363C6B29371}.Release|Any CPU.ActiveCfg = Release|Any CPU
		{F51CBF0E-376E-4088-B852-1363C6B29371}.Release|Any CPU.Build.0 = Release|Any CPU
		{F51CBF0E-376E-4088-B852-1363C6B29371}.Release|x86.ActiveCfg = Release|x86
		{F51CBF0E-376E-4088-B852-1363C6B29371}.Release|x86.Build.0 = Release|x86
		{F7C30D5E-7586-44E5-B615-7AAC2B69D1E8}.Backup|Any CPU.ActiveCfg = Backup|Any CPU
		{F7C30D5E-7586-44E5-B615-7AAC2B69D1E8}.Backup|Any CPU.Build.0 = Backup|Any CPU
		{F7C30D5E-7586-44E5-B615-7AAC2B69D1E8}.Backup|x86.ActiveCfg = Backup|Any CPU
		{F7C30D5E-7586-44E5-B615-7AAC2B69D1E8}.Backup|x86.Build.0 = Backup|Any CPU
		{F7C30D5E-7586-44E5-B615-7AAC2B69D1E8}.Debug|Any CPU.ActiveCfg = Debug|Any CPU
		{F7C30D5E-7586-44E5-B615-7AAC2B69D1E8}.Debug|Any CPU.Build.0 = Debug|Any CPU
		{F7C30D5E-7586-44E5-B615-7AAC2B69D1E8}.Debug|x86.ActiveCfg = Debug|Any CPU
		{F7C30D5E-7586-44E5-B615-7AAC2B69D1E8}.Debug|x86.Build.0 = Debug|Any CPU
		{F7C30D5E-7586-44E5-B615-7AAC2B69D1E8}.Release|Any CPU.ActiveCfg = Release|Any CPU
		{F7C30D5E-7586-44E5-B615-7AAC2B69D1E8}.Release|Any CPU.Build.0 = Release|Any CPU
		{F7C30D5E-7586-44E5-B615-7AAC2B69D1E8}.Release|x86.ActiveCfg = Release|Any CPU
		{F7C30D5E-7586-44E5-B615-7AAC2B69D1E8}.Release|x86.Build.0 = Release|Any CPU
		{ADA51B86-6FDB-4AF9-B6C4-36D536D746C5}.Backup|Any CPU.ActiveCfg = Debug|Any CPU
		{ADA51B86-6FDB-4AF9-B6C4-36D536D746C5}.Backup|Any CPU.Build.0 = Debug|Any CPU
		{ADA51B86-6FDB-4AF9-B6C4-36D536D746C5}.Backup|x86.ActiveCfg = Backup|Any CPU
		{ADA51B86-6FDB-4AF9-B6C4-36D536D746C5}.Backup|x86.Build.0 = Backup|Any CPU
		{ADA51B86-6FDB-4AF9-B6C4-36D536D746C5}.Debug|Any CPU.ActiveCfg = Debug|Any CPU
		{ADA51B86-6FDB-4AF9-B6C4-36D536D746C5}.Debug|Any CPU.Build.0 = Debug|Any CPU
		{ADA51B86-6FDB-4AF9-B6C4-36D536D746C5}.Debug|x86.ActiveCfg = Debug|Any CPU
		{ADA51B86-6FDB-4AF9-B6C4-36D536D746C5}.Debug|x86.Build.0 = Debug|Any CPU
		{ADA51B86-6FDB-4AF9-B6C4-36D536D746C5}.Release|Any CPU.ActiveCfg = Release|Any CPU
		{ADA51B86-6FDB-4AF9-B6C4-36D536D746C5}.Release|Any CPU.Build.0 = Release|Any CPU
		{ADA51B86-6FDB-4AF9-B6C4-36D536D746C5}.Release|x86.ActiveCfg = Release|Any CPU
		{ADA51B86-6FDB-4AF9-B6C4-36D536D746C5}.Release|x86.Build.0 = Release|Any CPU
	EndGlobalSection
	GlobalSection(SolutionProperties) = preSolution
		HideSolutionNode = FALSE
	EndGlobalSection
	GlobalSection(ExtensibilityGlobals) = postSolution
		SolutionGuid = {12549CB0-A1D4-4B20-939E-4EC502325BD7}
	EndGlobalSection
EndGlobal
